
Microsoft Visual Studio Solution File, Format Version 12.00
# Visual Studio Version 16
VisualStudioVersion = 16.0.30204.135
MinimumVisualStudioVersion = 10.0.40219.1
Project("{FAE04EC0-301F-11D3-BF4B-00C04F79EFBC}") = "SwagLyricsGUI", "SwagLyricsGUI\SwagLyricsGUI.csproj", "{28A60E1C-5F91-4EF8-BA45-F955263F747F}"
EndProject
Global
	GlobalSection(SolutionConfigurationPlatforms) = preSolution
		Debug|Any CPU = Debug|Any CPU
		Release|Any CPU = Release|Any CPU
	EndGlobalSection
	GlobalSection(ProjectConfigurationPlatforms) = postSolution
		{28A60E1C-5F91-4EF8-BA45-F955263F747F}.Debug|Any CPU.ActiveCfg = Debug|Any CPU
		{28A60E1C-5F91-4EF8-BA45-F955263F747F}.Debug|Any CPU.Build.0 = Debug|Any CPU
		{28A60E1C-5F91-4EF8-BA45-F955263F747F}.Release|Any CPU.ActiveCfg = Release|Any CPU
		{28A60E1C-5F91-4EF8-BA45-F955263F747F}.Release|Any CPU.Build.0 = Release|Any CPU
	EndGlobalSection
	GlobalSection(SolutionProperties) = preSolution
		HideSolutionNode = FALSE
	EndGlobalSection
	GlobalSection(ExtensibilityGlobals) = postSolution
		SolutionGuid = {04DAE56D-0777-4D5F-AF50-5BE217BBA367}
	EndGlobalSection
EndGlobal
